
Microsoft Visual Studio Solution File, Format Version 12.00
# Visual Studio Version 17
VisualStudioVersion = 17.0.31903.59
MinimumVisualStudioVersion = 10.0.40219.1
Project("{FAE04EC0-301F-11D3-BF4B-00C04F79EFBC}") = "Consumer", "src\Demo.Consumer\Consumer.csproj", "{7CBDAB16-A920-4F7B-A767-476DCBE18AFC}"
EndProject
Project("{FAE04EC0-301F-11D3-BF4B-00C04F79EFBC}") = "Producer", "src\Demo.Producer\Producer.csproj", "{B1CE425B-ED42-456C-BE8B-DED532E882E8}"
EndProject
Project("{FAE04EC0-301F-11D3-BF4B-00C04F79EFBC}") = "Tests", "tests\Demo.Tests\Tests.csproj", "{1B489975-6EB6-4680-8FCC-1AF002C92C9E}"
EndProject
Global
	GlobalSection(SolutionConfigurationPlatforms) = preSolution
		Debug|Any CPU = Debug|Any CPU
		Release|Any CPU = Release|Any CPU
	EndGlobalSection
	GlobalSection(ProjectConfigurationPlatforms) = postSolution
		{7CBDAB16-A920-4F7B-A767-476DCBE18AFC}.Debug|Any CPU.ActiveCfg = Debug|Any CPU
		{7CBDAB16-A920-4F7B-A767-476DCBE18AFC}.Debug|Any CPU.Build.0 = Debug|Any CPU
		{7CBDAB16-A920-4F7B-A767-476DCBE18AFC}.Release|Any CPU.ActiveCfg = Release|Any CPU
		{7CBDAB16-A920-4F7B-A767-476DCBE18AFC}.Release|Any CPU.Build.0 = Release|Any CPU
		{B1CE425B-ED42-456C-BE8B-DED532E882E8}.Debug|Any CPU.ActiveCfg = Debug|Any CPU
		{B1CE425B-ED42-456C-BE8B-DED532E882E8}.Debug|Any CPU.Build.0 = Debug|Any CPU
		{B1CE425B-ED42-456C-BE8B-DED532E882E8}.Release|Any CPU.ActiveCfg = Release|Any CPU
		{B1CE425B-ED42-456C-BE8B-DED532E882E8}.Release|Any CPU.Build.0 = Release|Any CPU
		{1B489975-6EB6-4680-8FCC-1AF002C92C9E}.Debug|Any CPU.ActiveCfg = Debug|Any CPU
		{1B489975-6EB6-4680-8FCC-1AF002C92C9E}.Debug|Any CPU.Build.0 = Debug|Any CPU
		{1B489975-6EB6-4680-8FCC-1AF002C92C9E}.Release|Any CPU.ActiveCfg = Release|Any CPU
		{1B489975-6EB6-4680-8FCC-1AF002C92C9E}.Release|Any CPU.Build.0 = Release|Any CPU
	EndGlobalSection
	GlobalSection(SolutionProperties) = preSolution
		HideSolutionNode = FALSE
	EndGlobalSection
EndGlobal
